<?xml version="1.0" encoding="utf-8"?>
<Project ToolsVersion="4.0" xmlns="http://schemas.microsoft.com/developer/msbuild/2003">
  <ItemGroup>
    <Filter Include="Resource Files">
      <UniqueIdentifier>{67DA6AB6-F800-4c08-8B7A-83BB121AAD01}</UniqueIdentifier>
      <Extensions>rc;ico;cur;bmp;dlg;rc2;rct;bin;rgs;gif;jpg;jpeg;jpe;resx;tiff;tif;png;wav;mfcribbon-ms</Extensions>
    </Filter>
    <Filter Include="CSV Core">
      <UniqueIdentifier>{93995380-89BD-4b04-88EB-625FBE52EBFB}</UniqueIdentifier>
      <Extensions>h;hh;hpp;hxx;hm;inl;inc;xsd</Extensions>
    </Filter>
    <Filter Include="CSV Core\Source Files">
      <UniqueIdentifier>{4FC737F1-C7A5-4376-A066-2A32D752A2FF}</UniqueIdentifier>
      <Extensions>cpp;c;cc;cxx;def;odl;idl;hpj;bat;asm;asmx</Extensions>
    </Filter>
    <Filter Include="CSV Core\Header Files">
      <UniqueIdentifier>{ef4221b1-2408-4834-840a-566987432cd6}</UniqueIdentifier>
    </Filter>
  </ItemGroup>
  <ItemGroup>
    <ClCompile Include="CSVCore\CSVReadIterator.cpp">
      <Filter>CSV Core\Source Files</Filter>
    </ClCompile>
    <ClCompile Include="CSVCore\CSVWrite.cpp">
      <Filter>CSV Core\Source Files</Filter>
    </ClCompile>
    <ClCompile Include="CSVCore\CSVRow.cpp">
      <Filter>CSV Core\Source Files</Filter>
    </ClCompile>
  </ItemGroup>
  <ItemGroup>
    <ClInclude Include="CSVCore\CSVReadIterator.h">
      <Filter>CSV Core\Header Files</Filter>
    </ClInclude>
    <ClInclude Include="CSVCore\CSVRow.h">
      <Filter>CSV Core\Header Files</Filter>
    </ClInclude>
    <ClInclude Include="CSVCore\CSVWrite.h">
      <Filter>CSV Core\Header Files</Filter>
    </ClInclude>
  </ItemGroup>
</Project>